// !$*UTF8*$!
{
	archiveVersion = 1;
	classes = {
	};
	objectVersion = 46;
	objects = {

/* Begin PBXBuildFile section */
		0E104DE31C600CF70079C1A9 /* SignupViewController.swift in Sources */ = {isa = PBXBuildFile; fileRef = 0E104DE21C600CF70079C1A9 /* SignupViewController.swift */; };
		0E1D8F121C66019A00D840D4 /* BeaconTableCellViewController.swift in Sources */ = {isa = PBXBuildFile; fileRef = 0E1D8F111C66019A00D840D4 /* BeaconTableCellViewController.swift */; };
		0E2D5E341C6B5679000B1F95 /* EventDetailsViewController.swift in Sources */ = {isa = PBXBuildFile; fileRef = 95DC64231C6AF71000D8EDB6 /* EventDetailsViewController.swift */; };
		0E3FCBA61C59E1930044CE7A /* AppDelegate.swift in Sources */ = {isa = PBXBuildFile; fileRef = 0E3FCBA51C59E1930044CE7A /* AppDelegate.swift */; };
		0E3FCBA81C59E1930044CE7A /* LoginViewController.swift in Sources */ = {isa = PBXBuildFile; fileRef = 0E3FCBA71C59E1930044CE7A /* LoginViewController.swift */; };
		0E3FCBAB1C59E1930044CE7A /* Main.storyboard in Resources */ = {isa = PBXBuildFile; fileRef = 0E3FCBA91C59E1930044CE7A /* Main.storyboard */; };
		0E3FCBAD1C59E1930044CE7A /* Assets.xcassets in Resources */ = {isa = PBXBuildFile; fileRef = 0E3FCBAC1C59E1930044CE7A /* Assets.xcassets */; };
		0E3FCBB01C59E1930044CE7A /* LaunchScreen.storyboard in Resources */ = {isa = PBXBuildFile; fileRef = 0E3FCBAE1C59E1930044CE7A /* LaunchScreen.storyboard */; };
		0E3FCBBB1C59E1930044CE7A /* InformMETests.swift in Sources */ = {isa = PBXBuildFile; fileRef = 0E3FCBBA1C59E1930044CE7A /* InformMETests.swift */; };
		0E3FCBC61C59E1930044CE7A /* InformMEUITests.swift in Sources */ = {isa = PBXBuildFile; fileRef = 0E3FCBC51C59E1930044CE7A /* InformMEUITests.swift */; };
		0E5D5D961C73ACE200D60753 /* UpdateContentViewController.swift in Sources */ = {isa = PBXBuildFile; fileRef = 0E5D5D951C73ACE200D60753 /* UpdateContentViewController.swift */; };
		0E5D5D9C1C73B34E00D60753 /* ContentForOrganizerViewController.swift in Sources */ = {isa = PBXBuildFile; fileRef = 0E5D5D9B1C73B34E00D60753 /* ContentForOrganizerViewController.swift */; };
		0E601FC31C772310003E9B50 /* ManagePlaceViewController.swift in Sources */ = {isa = PBXBuildFile; fileRef = 0E601FC21C772310003E9B50 /* ManagePlaceViewController.swift */; };
		0E601FC51C77234A003E9B50 /* UpdatePlaceViewController.swift in Sources */ = {isa = PBXBuildFile; fileRef = 0E601FC41C77234A003E9B50 /* UpdatePlaceViewController.swift */; };
		0E601FC71C77235F003E9B50 /* AddPlaceViewController.swift in Sources */ = {isa = PBXBuildFile; fileRef = 0E601FC61C77235F003E9B50 /* AddPlaceViewController.swift */; };
		0E601FC91C77236D003E9B50 /* ReportViewController.swift in Sources */ = {isa = PBXBuildFile; fileRef = 0E601FC81C77236D003E9B50 /* ReportViewController.swift */; };
		0E8BDFB61C6A41D3003364A5 /* UpdateEventViewController.swift in Sources */ = {isa = PBXBuildFile; fileRef = 0E8BDFB51C6A41D3003364A5 /* UpdateEventViewController.swift */; };
		0E8BDFB81C6A4607003364A5 /* UpdateBeaconViewController.swift in Sources */ = {isa = PBXBuildFile; fileRef = 0E8BDFB71C6A4607003364A5 /* UpdateBeaconViewController.swift */; };
		0E8BDFBA1C6A4D5A003364A5 /* RecoverPasswordViewController.swift in Sources */ = {isa = PBXBuildFile; fileRef = 0E8BDFB91C6A4D5A003364A5 /* RecoverPasswordViewController.swift */; };
		0E8BDFBC1C6A5B99003364A5 /* AttendeeHomeViewController.swift in Sources */ = {isa = PBXBuildFile; fileRef = 0E8BDFBB1C6A5B99003364A5 /* AttendeeHomeViewController.swift */; };
		0E8BDFBE1C6A5BDD003364A5 /* NearbyContentViewController.swift in Sources */ = {isa = PBXBuildFile; fileRef = 0E8BDFBD1C6A5BDD003364A5 /* NearbyContentViewController.swift */; };
		0E8BDFC01C6A5C16003364A5 /* FavoritelistViewController.swift in Sources */ = {isa = PBXBuildFile; fileRef = 0E8BDFBF1C6A5C16003364A5 /* FavoritelistViewController.swift */; };
		0E91C6AD1C67BFA900BD736B /* JF_Flat_regular.ttf in Resources */ = {isa = PBXBuildFile; fileRef = 0E91C6AC1C67BFA900BD736B /* JF_Flat_regular.ttf */; };
		0EAE38D51C62A2B00082DAD2 /* Event.swift in Sources */ = {isa = PBXBuildFile; fileRef = 0EAE38D41C62A2B00082DAD2 /* Event.swift */; };
		0ECC03FE1C63ACFE00458C86 /* Authentication.swift in Sources */ = {isa = PBXBuildFile; fileRef = 0ECC03FD1C63ACFE00458C86 /* Authentication.swift */; };
		0ECC04061C63B01A00458C86 /* Report.swift in Sources */ = {isa = PBXBuildFile; fileRef = 0ECC04051C63B01A00458C86 /* Report.swift */; };
		0ECC04081C63B06400458C86 /* Beacon.swift in Sources */ = {isa = PBXBuildFile; fileRef = 0ECC04071C63B06400458C86 /* Beacon.swift */; };
		0ECC040A1C63B76C00458C86 /* Content.swift in Sources */ = {isa = PBXBuildFile; fileRef = 0ECC04091C63B76C00458C86 /* Content.swift */; };
		0ECC040C1C63B8F400458C86 /* Comment.swift in Sources */ = {isa = PBXBuildFile; fileRef = 0ECC040B1C63B8F400458C86 /* Comment.swift */; };
		0ECC040E1C63BAF300458C86 /* Like.swift in Sources */ = {isa = PBXBuildFile; fileRef = 0ECC040D1C63BAF300458C86 /* Like.swift */; };
		0ECC04101C63BC0800458C86 /* Dislike.swift in Sources */ = {isa = PBXBuildFile; fileRef = 0ECC040F1C63BC0800458C86 /* Dislike.swift */; };
		0ECC04121C63BC3E00458C86 /* Favoritelist.swift in Sources */ = {isa = PBXBuildFile; fileRef = 0ECC04111C63BC3E00458C86 /* Favoritelist.swift */; };
		0ECC04141C63C30400458C86 /* SocialMedia.swift in Sources */ = {isa = PBXBuildFile; fileRef = 0ECC04131C63C30400458C86 /* SocialMedia.swift */; };
		0ECC04161C63C36400458C86 /* Profile.swift in Sources */ = {isa = PBXBuildFile; fileRef = 0ECC04151C63C36400458C86 /* Profile.swift */; };
		0ECC04181C63C3FC00458C86 /* EventOrganizer.swift in Sources */ = {isa = PBXBuildFile; fileRef = 0ECC04171C63C3FC00458C86 /* EventOrganizer.swift */; };
		0ECC041A1C63C44400458C86 /* Attendee.swift in Sources */ = {isa = PBXBuildFile; fileRef = 0ECC04191C63C44400458C86 /* Attendee.swift */; };
		0EE76CC91C5A02CC007C9D1E /* EstimoteSDK.framework in Frameworks */ = {isa = PBXBuildFile; fileRef = 0EE76CC81C5A02CB007C9D1E /* EstimoteSDK.framework */; };
		0EF156B01C64C229004BE735 /* ProfileViewController.swift in Sources */ = {isa = PBXBuildFile; fileRef = 0EF156AF1C64C229004BE735 /* ProfileViewController.swift */; };
		0EF156B81C64C24C004BE735 /* OrganizerHomeViewController.swift in Sources */ = {isa = PBXBuildFile; fileRef = 0EF156B71C64C24C004BE735 /* OrganizerHomeViewController.swift */; };
		0EF156BA1C64C262004BE735 /* ManageEventsViewController.swift in Sources */ = {isa = PBXBuildFile; fileRef = 0EF156B91C64C262004BE735 /* ManageEventsViewController.swift */; };
		0EF156BC1C64C276004BE735 /* ManageBeaconsViewController.swift in Sources */ = {isa = PBXBuildFile; fileRef = 0EF156BB1C64C276004BE735 /* ManageBeaconsViewController.swift */; };
		0EF156BE1C64FBF4004BE735 /* EventTableCellViewController.swift in Sources */ = {isa = PBXBuildFile; fileRef = 0EF156BD1C64FBF4004BE735 /* EventTableCellViewController.swift */; };
		56B795991C75017C00A239F3 /* ManageContentsViewController.swift in Sources */ = {isa = PBXBuildFile; fileRef = 56B795981C75017C00A239F3 /* ManageContentsViewController.swift */; };
		56B7959B1C7501AC00A239F3 /* ContentTableCellViewController.swift in Sources */ = {isa = PBXBuildFile; fileRef = 56B7959A1C7501AC00A239F3 /* ContentTableCellViewController.swift */; };
		56B7959F1C75058A00A239F3 /* AddContentViewController.swift in Sources */ = {isa = PBXBuildFile; fileRef = 56B7959E1C75058A00A239F3 /* AddContentViewController.swift */; };
		56EAA4681C66038300B8C249 /* AddBeaconViewController.swift in Sources */ = {isa = PBXBuildFile; fileRef = 56EAA4671C66038300B8C249 /* AddBeaconViewController.swift */; };
		9594124D1C677E28000D23E3 /* AddEventViewController.swift in Sources */ = {isa = PBXBuildFile; fileRef = 9594124C1C677E28000D23E3 /* AddEventViewController.swift */; };
		F47D3EAB1C6A675400B9C4FC /* CoreLocation.framework in Frameworks */ = {isa = PBXBuildFile; fileRef = F47D3EAA1C6A675400B9C4FC /* CoreLocation.framework */; };
		F47D3EAD1C6A676000B9C4FC /* CoreBluetooth.framework in Frameworks */ = {isa = PBXBuildFile; fileRef = F47D3EAC1C6A676000B9C4FC /* CoreBluetooth.framework */; };
		F47D3EAF1C6A676A00B9C4FC /* Foundation.framework in Frameworks */ = {isa = PBXBuildFile; fileRef = F47D3EAE1C6A676A00B9C4FC /* Foundation.framework */; };
		F47D3EB11C6A677500B9C4FC /* SystemConfiguration.framework in Frameworks */ = {isa = PBXBuildFile; fileRef = F47D3EB01C6A677500B9C4FC /* SystemConfiguration.framework */; };
/* End PBXBuildFile section */

/* Begin PBXContainerItemProxy section */
		0E3FCBB71C59E1930044CE7A /* PBXContainerItemProxy */ = {
			isa = PBXContainerItemProxy;
			containerPortal = 0E3FCB9A1C59E1920044CE7A /* Project object */;
			proxyType = 1;
			remoteGlobalIDString = 0E3FCBA11C59E1920044CE7A;
			remoteInfo = InformME;
		};
		0E3FCBC21C59E1930044CE7A /* PBXContainerItemProxy */ = {
			isa = PBXContainerItemProxy;
			containerPortal = 0E3FCB9A1C59E1920044CE7A /* Project object */;
			proxyType = 1;
			remoteGlobalIDString = 0E3FCBA11C59E1920044CE7A;
			remoteInfo = InformME;
		};
/* End PBXContainerItemProxy section */

/* Begin PBXCopyFilesBuildPhase section */
		0EE76CC71C59FFA5007C9D1E /* Embed Frameworks */ = {
			isa = PBXCopyFilesBuildPhase;
			buildActionMask = 2147483647;
			dstPath = "";
			dstSubfolderSpec = 10;
			files = (
			);
			name = "Embed Frameworks";
			runOnlyForDeploymentPostprocessing = 0;
		};
/* End PBXCopyFilesBuildPhase section */

/* Begin PBXFileReference section */
		0E104DE21C600CF70079C1A9 /* SignupViewController.swift */ = {isa = PBXFileReference; fileEncoding = 4; lastKnownFileType = sourcecode.swift; path = SignupViewController.swift; sourceTree = "<group>"; };
		0E1D8F111C66019A00D840D4 /* BeaconTableCellViewController.swift */ = {isa = PBXFileReference; fileEncoding = 4; lastKnownFileType = sourcecode.swift; path = BeaconTableCellViewController.swift; sourceTree = "<group>"; };
		0E30A57A1C67A2CB0033AFCE /* ar */ = {isa = PBXFileReference; lastKnownFileType = text.plist.strings; name = ar; path = ar.lproj/LaunchScreen.strings; sourceTree = "<group>"; };
		0E30A57B1C67A2CB0033AFCE /* ar */ = {isa = PBXFileReference; lastKnownFileType = text.plist.strings; name = ar; path = ar.lproj/Main.strings; sourceTree = "<group>"; };
		0E3FCBA21C59E1930044CE7A /* InformME.app */ = {isa = PBXFileReference; explicitFileType = wrapper.application; includeInIndex = 0; path = InformME.app; sourceTree = BUILT_PRODUCTS_DIR; };
		0E3FCBA51C59E1930044CE7A /* AppDelegate.swift */ = {isa = PBXFileReference; lastKnownFileType = sourcecode.swift; path = AppDelegate.swift; sourceTree = "<group>"; };
		0E3FCBA71C59E1930044CE7A /* LoginViewController.swift */ = {isa = PBXFileReference; lastKnownFileType = sourcecode.swift; path = LoginViewController.swift; sourceTree = "<group>"; };
		0E3FCBAA1C59E1930044CE7A /* Base */ = {isa = PBXFileReference; lastKnownFileType = file.storyboard; name = Base; path = Base.lproj/Main.storyboard; sourceTree = "<group>"; };
		0E3FCBAC1C59E1930044CE7A /* Assets.xcassets */ = {isa = PBXFileReference; lastKnownFileType = folder.assetcatalog; path = Assets.xcassets; sourceTree = "<group>"; };
		0E3FCBAF1C59E1930044CE7A /* Base */ = {isa = PBXFileReference; lastKnownFileType = file.storyboard; name = Base; path = Base.lproj/LaunchScreen.storyboard; sourceTree = "<group>"; };
		0E3FCBB11C59E1930044CE7A /* Info.plist */ = {isa = PBXFileReference; lastKnownFileType = text.plist.xml; path = Info.plist; sourceTree = "<group>"; };
		0E3FCBB61C59E1930044CE7A /* InformMETests.xctest */ = {isa = PBXFileReference; explicitFileType = wrapper.cfbundle; includeInIndex = 0; path = InformMETests.xctest; sourceTree = BUILT_PRODUCTS_DIR; };
		0E3FCBBA1C59E1930044CE7A /* InformMETests.swift */ = {isa = PBXFileReference; lastKnownFileType = sourcecode.swift; path = InformMETests.swift; sourceTree = "<group>"; };
		0E3FCBBC1C59E1930044CE7A /* Info.plist */ = {isa = PBXFileReference; lastKnownFileType = text.plist.xml; path = Info.plist; sourceTree = "<group>"; };
		0E3FCBC11C59E1930044CE7A /* InformMEUITests.xctest */ = {isa = PBXFileReference; explicitFileType = wrapper.cfbundle; includeInIndex = 0; path = InformMEUITests.xctest; sourceTree = BUILT_PRODUCTS_DIR; };
		0E3FCBC51C59E1930044CE7A /* InformMEUITests.swift */ = {isa = PBXFileReference; lastKnownFileType = sourcecode.swift; path = InformMEUITests.swift; sourceTree = "<group>"; };
		0E3FCBC71C59E1930044CE7A /* Info.plist */ = {isa = PBXFileReference; lastKnownFileType = text.plist.xml; path = Info.plist; sourceTree = "<group>"; };
		0E5D5D951C73ACE200D60753 /* UpdateContentViewController.swift */ = {isa = PBXFileReference; fileEncoding = 4; lastKnownFileType = sourcecode.swift; path = UpdateContentViewController.swift; sourceTree = "<group>"; };
		0E5D5D9B1C73B34E00D60753 /* ContentForOrganizerViewController.swift */ = {isa = PBXFileReference; fileEncoding = 4; lastKnownFileType = sourcecode.swift; path = ContentForOrganizerViewController.swift; sourceTree = "<group>"; };
		0E601FC21C772310003E9B50 /* ManagePlaceViewController.swift */ = {isa = PBXFileReference; fileEncoding = 4; lastKnownFileType = sourcecode.swift; path = ManagePlaceViewController.swift; sourceTree = "<group>"; };
		0E601FC41C77234A003E9B50 /* UpdatePlaceViewController.swift */ = {isa = PBXFileReference; fileEncoding = 4; lastKnownFileType = sourcecode.swift; path = UpdatePlaceViewController.swift; sourceTree = "<group>"; };
		0E601FC61C77235F003E9B50 /* AddPlaceViewController.swift */ = {isa = PBXFileReference; fileEncoding = 4; lastKnownFileType = sourcecode.swift; path = AddPlaceViewController.swift; sourceTree = "<group>"; };
		0E601FC81C77236D003E9B50 /* ReportViewController.swift */ = {isa = PBXFileReference; fileEncoding = 4; lastKnownFileType = sourcecode.swift; path = ReportViewController.swift; sourceTree = "<group>"; };
		0E8BDFB51C6A41D3003364A5 /* UpdateEventViewController.swift */ = {isa = PBXFileReference; fileEncoding = 4; lastKnownFileType = sourcecode.swift; path = UpdateEventViewController.swift; sourceTree = "<group>"; };
		0E8BDFB71C6A4607003364A5 /* UpdateBeaconViewController.swift */ = {isa = PBXFileReference; fileEncoding = 4; lastKnownFileType = sourcecode.swift; path = UpdateBeaconViewController.swift; sourceTree = "<group>"; };
		0E8BDFB91C6A4D5A003364A5 /* RecoverPasswordViewController.swift */ = {isa = PBXFileReference; fileEncoding = 4; lastKnownFileType = sourcecode.swift; path = RecoverPasswordViewController.swift; sourceTree = "<group>"; };
		0E8BDFBB1C6A5B99003364A5 /* AttendeeHomeViewController.swift */ = {isa = PBXFileReference; fileEncoding = 4; lastKnownFileType = sourcecode.swift; path = AttendeeHomeViewController.swift; sourceTree = "<group>"; };
		0E8BDFBD1C6A5BDD003364A5 /* NearbyContentViewController.swift */ = {isa = PBXFileReference; fileEncoding = 4; lastKnownFileType = sourcecode.swift; path = NearbyContentViewController.swift; sourceTree = "<group>"; };
		0E8BDFBF1C6A5C16003364A5 /* FavoritelistViewController.swift */ = {isa = PBXFileReference; fileEncoding = 4; lastKnownFileType = sourcecode.swift; path = FavoritelistViewController.swift; sourceTree = "<group>"; };
		0E91C6AC1C67BFA900BD736B /* JF_Flat_regular.ttf */ = {isa = PBXFileReference; lastKnownFileType = file; path = JF_Flat_regular.ttf; sourceTree = "<group>"; };
		0EAE38D41C62A2B00082DAD2 /* Event.swift */ = {isa = PBXFileReference; fileEncoding = 4; lastKnownFileType = sourcecode.swift; path = Event.swift; sourceTree = "<group>"; };
		0ECC03FD1C63ACFE00458C86 /* Authentication.swift */ = {isa = PBXFileReference; fileEncoding = 4; lastKnownFileType = sourcecode.swift; path = Authentication.swift; sourceTree = "<group>"; };
		0ECC04051C63B01A00458C86 /* Report.swift */ = {isa = PBXFileReference; fileEncoding = 4; lastKnownFileType = sourcecode.swift; path = Report.swift; sourceTree = "<group>"; };
		0ECC04071C63B06400458C86 /* Beacon.swift */ = {isa = PBXFileReference; fileEncoding = 4; lastKnownFileType = sourcecode.swift; path = Beacon.swift; sourceTree = "<group>"; };
		0ECC04091C63B76C00458C86 /* Content.swift */ = {isa = PBXFileReference; fileEncoding = 4; lastKnownFileType = sourcecode.swift; path = Content.swift; sourceTree = "<group>"; };
		0ECC040B1C63B8F400458C86 /* Comment.swift */ = {isa = PBXFileReference; fileEncoding = 4; lastKnownFileType = sourcecode.swift; path = Comment.swift; sourceTree = "<group>"; };
		0ECC040D1C63BAF300458C86 /* Like.swift */ = {isa = PBXFileReference; fileEncoding = 4; lastKnownFileType = sourcecode.swift; path = Like.swift; sourceTree = "<group>"; };
		0ECC040F1C63BC0800458C86 /* Dislike.swift */ = {isa = PBXFileReference; fileEncoding = 4; lastKnownFileType = sourcecode.swift; path = Dislike.swift; sourceTree = "<group>"; };
		0ECC04111C63BC3E00458C86 /* Favoritelist.swift */ = {isa = PBXFileReference; fileEncoding = 4; lastKnownFileType = sourcecode.swift; path = Favoritelist.swift; sourceTree = "<group>"; };
		0ECC04131C63C30400458C86 /* SocialMedia.swift */ = {isa = PBXFileReference; fileEncoding = 4; lastKnownFileType = sourcecode.swift; path = SocialMedia.swift; sourceTree = "<group>"; };
		0ECC04151C63C36400458C86 /* Profile.swift */ = {isa = PBXFileReference; fileEncoding = 4; lastKnownFileType = sourcecode.swift; path = Profile.swift; sourceTree = "<group>"; };
		0ECC04171C63C3FC00458C86 /* EventOrganizer.swift */ = {isa = PBXFileReference; fileEncoding = 4; lastKnownFileType = sourcecode.swift; path = EventOrganizer.swift; sourceTree = "<group>"; };
		0ECC04191C63C44400458C86 /* Attendee.swift */ = {isa = PBXFileReference; fileEncoding = 4; lastKnownFileType = sourcecode.swift; path = Attendee.swift; sourceTree = "<group>"; };
		0EE76CC81C5A02CB007C9D1E /* EstimoteSDK.framework */ = {isa = PBXFileReference; lastKnownFileType = wrapper.framework; path = EstimoteSDK.framework; sourceTree = "<group>"; };
		0EE76CCA1C5A037C007C9D1E /* ObjCBridge.h */ = {isa = PBXFileReference; lastKnownFileType = sourcecode.c.h; path = ObjCBridge.h; sourceTree = "<group>"; };
		0EF156AF1C64C229004BE735 /* ProfileViewController.swift */ = {isa = PBXFileReference; fileEncoding = 4; lastKnownFileType = sourcecode.swift; path = ProfileViewController.swift; sourceTree = "<group>"; };
		0EF156B71C64C24C004BE735 /* OrganizerHomeViewController.swift */ = {isa = PBXFileReference; fileEncoding = 4; lastKnownFileType = sourcecode.swift; path = OrganizerHomeViewController.swift; sourceTree = "<group>"; };
		0EF156B91C64C262004BE735 /* ManageEventsViewController.swift */ = {isa = PBXFileReference; fileEncoding = 4; lastKnownFileType = sourcecode.swift; path = ManageEventsViewController.swift; sourceTree = "<group>"; };
		0EF156BB1C64C276004BE735 /* ManageBeaconsViewController.swift */ = {isa = PBXFileReference; fileEncoding = 4; lastKnownFileType = sourcecode.swift; path = ManageBeaconsViewController.swift; sourceTree = "<group>"; };
		0EF156BD1C64FBF4004BE735 /* EventTableCellViewController.swift */ = {isa = PBXFileReference; fileEncoding = 4; lastKnownFileType = sourcecode.swift; path = EventTableCellViewController.swift; sourceTree = "<group>"; };
		56B795981C75017C00A239F3 /* ManageContentsViewController.swift */ = {isa = PBXFileReference; fileEncoding = 4; lastKnownFileType = sourcecode.swift; path = ManageContentsViewController.swift; sourceTree = "<group>"; };
		56B7959A1C7501AC00A239F3 /* ContentTableCellViewController.swift */ = {isa = PBXFileReference; fileEncoding = 4; lastKnownFileType = sourcecode.swift; path = ContentTableCellViewController.swift; sourceTree = "<group>"; };
		56B7959E1C75058A00A239F3 /* AddContentViewController.swift */ = {isa = PBXFileReference; fileEncoding = 4; lastKnownFileType = sourcecode.swift; path = AddContentViewController.swift; sourceTree = "<group>"; };
		56EAA4671C66038300B8C249 /* AddBeaconViewController.swift */ = {isa = PBXFileReference; fileEncoding = 4; lastKnownFileType = sourcecode.swift; path = AddBeaconViewController.swift; sourceTree = "<group>"; };
		9594124C1C677E28000D23E3 /* AddEventViewController.swift */ = {isa = PBXFileReference; fileEncoding = 4; lastKnownFileType = sourcecode.swift; path = AddEventViewController.swift; sourceTree = "<group>"; };
		95DC64231C6AF71000D8EDB6 /* EventDetailsViewController.swift */ = {isa = PBXFileReference; fileEncoding = 4; lastKnownFileType = sourcecode.swift; path = EventDetailsViewController.swift; sourceTree = "<group>"; };
		F47D3EAA1C6A675400B9C4FC /* CoreLocation.framework */ = {isa = PBXFileReference; lastKnownFileType = wrapper.framework; name = CoreLocation.framework; path = System/Library/Frameworks/CoreLocation.framework; sourceTree = SDKROOT; };
		F47D3EAC1C6A676000B9C4FC /* CoreBluetooth.framework */ = {isa = PBXFileReference; lastKnownFileType = wrapper.framework; name = CoreBluetooth.framework; path = System/Library/Frameworks/CoreBluetooth.framework; sourceTree = SDKROOT; };
		F47D3EAE1C6A676A00B9C4FC /* Foundation.framework */ = {isa = PBXFileReference; lastKnownFileType = wrapper.framework; name = Foundation.framework; path = System/Library/Frameworks/Foundation.framework; sourceTree = SDKROOT; };
		F47D3EB01C6A677500B9C4FC /* SystemConfiguration.framework */ = {isa = PBXFileReference; lastKnownFileType = wrapper.framework; name = SystemConfiguration.framework; path = System/Library/Frameworks/SystemConfiguration.framework; sourceTree = SDKROOT; };
/* End PBXFileReference section */

/* Begin PBXFrameworksBuildPhase section */
		0E3FCB9F1C59E1920044CE7A /* Frameworks */ = {
			isa = PBXFrameworksBuildPhase;
			buildActionMask = 2147483647;
			files = (
				F47D3EB11C6A677500B9C4FC /* SystemConfiguration.framework in Frameworks */,
				F47D3EAF1C6A676A00B9C4FC /* Foundation.framework in Frameworks */,
				F47D3EAD1C6A676000B9C4FC /* CoreBluetooth.framework in Frameworks */,
				F47D3EAB1C6A675400B9C4FC /* CoreLocation.framework in Frameworks */,
				0EE76CC91C5A02CC007C9D1E /* EstimoteSDK.framework in Frameworks */,
			);
			runOnlyForDeploymentPostprocessing = 0;
		};
		0E3FCBB31C59E1930044CE7A /* Frameworks */ = {
			isa = PBXFrameworksBuildPhase;
			buildActionMask = 2147483647;
			files = (
			);
			runOnlyForDeploymentPostprocessing = 0;
		};
		0E3FCBBE1C59E1930044CE7A /* Frameworks */ = {
			isa = PBXFrameworksBuildPhase;
			buildActionMask = 2147483647;
			files = (
			);
			runOnlyForDeploymentPostprocessing = 0;
		};
/* End PBXFrameworksBuildPhase section */

/* Begin PBXGroup section */
		0E3FCB991C59E1920044CE7A = {
			isa = PBXGroup;
			children = (
				F47D3EAC1C6A676000B9C4FC /* CoreBluetooth.framework */,
				F47D3EB01C6A677500B9C4FC /* SystemConfiguration.framework */,
				F47D3EAE1C6A676A00B9C4FC /* Foundation.framework */,
				F47D3EAA1C6A675400B9C4FC /* CoreLocation.framework */,
				0E91C6AC1C67BFA900BD736B /* JF_Flat_regular.ttf */,
				0EE76CC81C5A02CB007C9D1E /* EstimoteSDK.framework */,
				0E3FCBA41C59E1930044CE7A /* InformME */,
				0E3FCBB91C59E1930044CE7A /* InformMETests */,
				0E3FCBC41C59E1930044CE7A /* InformMEUITests */,
				0E3FCBA31C59E1930044CE7A /* Products */,
			);
			sourceTree = "<group>";
		};
		0E3FCBA31C59E1930044CE7A /* Products */ = {
			isa = PBXGroup;
			children = (
				0E3FCBA21C59E1930044CE7A /* InformME.app */,
				0E3FCBB61C59E1930044CE7A /* InformMETests.xctest */,
				0E3FCBC11C59E1930044CE7A /* InformMEUITests.xctest */,
			);
			name = Products;
			sourceTree = "<group>";
		};
		0E3FCBA41C59E1930044CE7A /* InformME */ = {
			isa = PBXGroup;
			children = (
				0EAE38CC1C6279F30082DAD2 /* Interfaces */,
				0EAE38D31C627A120082DAD2 /* Classes */,
				0EE76CCA1C5A037C007C9D1E /* ObjCBridge.h */,
				0E3FCBA51C59E1930044CE7A /* AppDelegate.swift */,
				0E3FCBB11C59E1930044CE7A /* Info.plist */,
			);
			path = InformME;
			sourceTree = "<group>";
		};
		0E3FCBB91C59E1930044CE7A /* InformMETests */ = {
			isa = PBXGroup;
			children = (
				0E3FCBBA1C59E1930044CE7A /* InformMETests.swift */,
				0E3FCBBC1C59E1930044CE7A /* Info.plist */,
			);
			path = InformMETests;
			sourceTree = "<group>";
		};
		0E3FCBC41C59E1930044CE7A /* InformMEUITests */ = {
			isa = PBXGroup;
			children = (
				0E3FCBC51C59E1930044CE7A /* InformMEUITests.swift */,
				0E3FCBC71C59E1930044CE7A /* Info.plist */,
			);
			path = InformMEUITests;
			sourceTree = "<group>";
		};
		0EAE38CC1C6279F30082DAD2 /* Interfaces */ = {
			isa = PBXGroup;
			children = (
				0E3FCBAC1C59E1930044CE7A /* Assets.xcassets */,
				9594124C1C677E28000D23E3 /* AddEventViewController.swift */,
				0E3FCBAE1C59E1930044CE7A /* LaunchScreen.storyboard */,
				0E3FCBA71C59E1930044CE7A /* LoginViewController.swift */,
				0E104DE21C600CF70079C1A9 /* SignupViewController.swift */,
				0E3FCBA91C59E1930044CE7A /* Main.storyboard */,
				95DC64231C6AF71000D8EDB6 /* EventDetailsViewController.swift */,
				0EF156AF1C64C229004BE735 /* ProfileViewController.swift */,
				0EF156B71C64C24C004BE735 /* OrganizerHomeViewController.swift */,
				0EF156B91C64C262004BE735 /* ManageEventsViewController.swift */,
				0EF156BB1C64C276004BE735 /* ManageBeaconsViewController.swift */,
				0EF156BD1C64FBF4004BE735 /* EventTableCellViewController.swift */,
				0E1D8F111C66019A00D840D4 /* BeaconTableCellViewController.swift */,
				0E8BDFB51C6A41D3003364A5 /* UpdateEventViewController.swift */,
				0E8BDFB71C6A4607003364A5 /* UpdateBeaconViewController.swift */,
				56EAA4671C66038300B8C249 /* AddBeaconViewController.swift */,
				0E8BDFB91C6A4D5A003364A5 /* RecoverPasswordViewController.swift */,
				0E8BDFBB1C6A5B99003364A5 /* AttendeeHomeViewController.swift */,
				0E8BDFBD1C6A5BDD003364A5 /* NearbyContentViewController.swift */,
				0E8BDFBF1C6A5C16003364A5 /* FavoritelistViewController.swift */,
				0E5D5D951C73ACE200D60753 /* UpdateContentViewController.swift */,
				0E5D5D9B1C73B34E00D60753 /* ContentForOrganizerViewController.swift */,
				56B795981C75017C00A239F3 /* ManageContentsViewController.swift */,
				56B7959A1C7501AC00A239F3 /* ContentTableCellViewController.swift */,
				56B7959E1C75058A00A239F3 /* AddContentViewController.swift */,
				0E601FC21C772310003E9B50 /* ManagePlaceViewController.swift */,
				0E601FC41C77234A003E9B50 /* UpdatePlaceViewController.swift */,
				0E601FC61C77235F003E9B50 /* AddPlaceViewController.swift */,
				0E601FC81C77236D003E9B50 /* ReportViewController.swift */,
			);
			name = Interfaces;
			sourceTree = "<group>";
		};
		0EAE38D31C627A120082DAD2 /* Classes */ = {
			isa = PBXGroup;
			children = (
				0EAE38D41C62A2B00082DAD2 /* Event.swift */,
				0ECC03FD1C63ACFE00458C86 /* Authentication.swift */,
				0ECC04051C63B01A00458C86 /* Report.swift */,
				0ECC04071C63B06400458C86 /* Beacon.swift */,
				0ECC04091C63B76C00458C86 /* Content.swift */,
				0ECC040B1C63B8F400458C86 /* Comment.swift */,
				0ECC040D1C63BAF300458C86 /* Like.swift */,
				0ECC040F1C63BC0800458C86 /* Dislike.swift */,
				0ECC04111C63BC3E00458C86 /* Favoritelist.swift */,
				0ECC04131C63C30400458C86 /* SocialMedia.swift */,
				0ECC04151C63C36400458C86 /* Profile.swift */,
				0ECC04171C63C3FC00458C86 /* EventOrganizer.swift */,
				0ECC04191C63C44400458C86 /* Attendee.swift */,
			);
			name = Classes;
			sourceTree = "<group>";
		};
/* End PBXGroup section */

/* Begin PBXNativeTarget section */
		0E3FCBA11C59E1920044CE7A /* InformME */ = {
			isa = PBXNativeTarget;
			buildConfigurationList = 0E3FCBCA1C59E1930044CE7A /* Build configuration list for PBXNativeTarget "InformME" */;
			buildPhases = (
				0E3FCB9E1C59E1920044CE7A /* Sources */,
				0E3FCB9F1C59E1920044CE7A /* Frameworks */,
				0E3FCBA01C59E1920044CE7A /* Resources */,
				0EE76CC71C59FFA5007C9D1E /* Embed Frameworks */,
			);
			buildRules = (
			);
			dependencies = (
			);
			name = InformME;
			productName = InformME;
			productReference = 0E3FCBA21C59E1930044CE7A /* InformME.app */;
			productType = "com.apple.product-type.application";
		};
		0E3FCBB51C59E1930044CE7A /* InformMETests */ = {
			isa = PBXNativeTarget;
			buildConfigurationList = 0E3FCBCD1C59E1930044CE7A /* Build configuration list for PBXNativeTarget "InformMETests" */;
			buildPhases = (
				0E3FCBB21C59E1930044CE7A /* Sources */,
				0E3FCBB31C59E1930044CE7A /* Frameworks */,
				0E3FCBB41C59E1930044CE7A /* Resources */,
			);
			buildRules = (
			);
			dependencies = (
				0E3FCBB81C59E1930044CE7A /* PBXTargetDependency */,
			);
			name = InformMETests;
			productName = InformMETests;
			productReference = 0E3FCBB61C59E1930044CE7A /* InformMETests.xctest */;
			productType = "com.apple.product-type.bundle.unit-test";
		};
		0E3FCBC01C59E1930044CE7A /* InformMEUITests */ = {
			isa = PBXNativeTarget;
			buildConfigurationList = 0E3FCBD01C59E1930044CE7A /* Build configuration list for PBXNativeTarget "InformMEUITests" */;
			buildPhases = (
				0E3FCBBD1C59E1930044CE7A /* Sources */,
				0E3FCBBE1C59E1930044CE7A /* Frameworks */,
				0E3FCBBF1C59E1930044CE7A /* Resources */,
			);
			buildRules = (
			);
			dependencies = (
				0E3FCBC31C59E1930044CE7A /* PBXTargetDependency */,
			);
			name = InformMEUITests;
			productName = InformMEUITests;
			productReference = 0E3FCBC11C59E1930044CE7A /* InformMEUITests.xctest */;
			productType = "com.apple.product-type.bundle.ui-testing";
		};
/* End PBXNativeTarget section */

/* Begin PBXProject section */
		0E3FCB9A1C59E1920044CE7A /* Project object */ = {
			isa = PBXProject;
			attributes = {
				LastSwiftUpdateCheck = 0720;
				LastUpgradeCheck = 0720;
				ORGANIZATIONNAME = "King Saud University";
				TargetAttributes = {
					0E3FCBA11C59E1920044CE7A = {
						CreatedOnToolsVersion = 7.2;
						DevelopmentTeam = 8ULH6N43JQ;
					};
					0E3FCBB51C59E1930044CE7A = {
						CreatedOnToolsVersion = 7.2;
						DevelopmentTeam = 8ULH6N43JQ;
						TestTargetID = 0E3FCBA11C59E1920044CE7A;
					};
					0E3FCBC01C59E1930044CE7A = {
						CreatedOnToolsVersion = 7.2;
						DevelopmentTeam = 8ULH6N43JQ;
						TestTargetID = 0E3FCBA11C59E1920044CE7A;
					};
				};
			};
			buildConfigurationList = 0E3FCB9D1C59E1920044CE7A /* Build configuration list for PBXProject "InformME" */;
			compatibilityVersion = "Xcode 3.2";
			developmentRegion = English;
			hasScannedForEncodings = 0;
			knownRegions = (
				en,
				Base,
			);
			mainGroup = 0E3FCB991C59E1920044CE7A;
			productRefGroup = 0E3FCBA31C59E1930044CE7A /* Products */;
			projectDirPath = "";
			projectRoot = "";
			targets = (
				0E3FCBA11C59E1920044CE7A /* InformME */,
				0E3FCBB51C59E1930044CE7A /* InformMETests */,
				0E3FCBC01C59E1930044CE7A /* InformMEUITests */,
			);
		};
/* End PBXProject section */

/* Begin PBXResourcesBuildPhase section */
		0E3FCBA01C59E1920044CE7A /* Resources */ = {
			isa = PBXResourcesBuildPhase;
			buildActionMask = 2147483647;
			files = (
				0E91C6AD1C67BFA900BD736B /* JF_Flat_regular.ttf in Resources */,
				0E3FCBB01C59E1930044CE7A /* LaunchScreen.storyboard in Resources */,
				0E3FCBAD1C59E1930044CE7A /* Assets.xcassets in Resources */,
				0E3FCBAB1C59E1930044CE7A /* Main.storyboard in Resources */,
			);
			runOnlyForDeploymentPostprocessing = 0;
		};
		0E3FCBB41C59E1930044CE7A /* Resources */ = {
			isa = PBXResourcesBuildPhase;
			buildActionMask = 2147483647;
			files = (
			);
			runOnlyForDeploymentPostprocessing = 0;
		};
		0E3FCBBF1C59E1930044CE7A /* Resources */ = {
			isa = PBXResourcesBuildPhase;
			buildActionMask = 2147483647;
			files = (
			);
			runOnlyForDeploymentPostprocessing = 0;
		};
/* End PBXResourcesBuildPhase section */

/* Begin PBXSourcesBuildPhase section */
		0E3FCB9E1C59E1920044CE7A /* Sources */ = {
			isa = PBXSourcesBuildPhase;
			buildActionMask = 2147483647;
			files = (
				0EAE38D51C62A2B00082DAD2 /* Event.swift in Sources */,
				56B795991C75017C00A239F3 /* ManageContentsViewController.swift in Sources */,
				9594124D1C677E28000D23E3 /* AddEventViewController.swift in Sources */,
				0E8BDFBC1C6A5B99003364A5 /* AttendeeHomeViewController.swift in Sources */,
				0E104DE31C600CF70079C1A9 /* SignupViewController.swift in Sources */,
				56B7959B1C7501AC00A239F3 /* ContentTableCellViewController.swift in Sources */,
				0E2D5E341C6B5679000B1F95 /* EventDetailsViewController.swift in Sources */,
				0E5D5D9C1C73B34E00D60753 /* ContentForOrganizerViewController.swift in Sources */,
				0E3FCBA81C59E1930044CE7A /* LoginViewController.swift in Sources */,
				0ECC041A1C63C44400458C86 /* Attendee.swift in Sources */,
				0ECC04161C63C36400458C86 /* Profile.swift in Sources */,
				0E8BDFB61C6A41D3003364A5 /* UpdateEventViewController.swift in Sources */,
				0E8BDFC01C6A5C16003364A5 /* FavoritelistViewController.swift in Sources */,
				0ECC03FE1C63ACFE00458C86 /* Authentication.swift in Sources */,
				0E5D5D961C73ACE200D60753 /* UpdateContentViewController.swift in Sources */,
				0ECC04181C63C3FC00458C86 /* EventOrganizer.swift in Sources */,
				0EF156B01C64C229004BE735 /* ProfileViewController.swift in Sources */,
				0ECC040E1C63BAF300458C86 /* Like.swift in Sources */,
				0EF156BA1C64C262004BE735 /* ManageEventsViewController.swift in Sources */,
				0E601FC51C77234A003E9B50 /* UpdatePlaceViewController.swift in Sources */,
				56EAA4681C66038300B8C249 /* AddBeaconViewController.swift in Sources */,
				0ECC04121C63BC3E00458C86 /* Favoritelist.swift in Sources */,
				0ECC04081C63B06400458C86 /* Beacon.swift in Sources */,
				0ECC040A1C63B76C00458C86 /* Content.swift in Sources */,
				0EF156BC1C64C276004BE735 /* ManageBeaconsViewController.swift in Sources */,
				0E8BDFBA1C6A4D5A003364A5 /* RecoverPasswordViewController.swift in Sources */,
				0E601FC31C772310003E9B50 /* ManagePlaceViewController.swift in Sources */,
				0E601FC71C77235F003E9B50 /* AddPlaceViewController.swift in Sources */,
				0E3FCBA61C59E1930044CE7A /* AppDelegate.swift in Sources */,
				0E1D8F121C66019A00D840D4 /* BeaconTableCellViewController.swift in Sources */,
				0EF156B81C64C24C004BE735 /* OrganizerHomeViewController.swift in Sources */,
				0E8BDFB81C6A4607003364A5 /* UpdateBeaconViewController.swift in Sources */,
				0ECC04101C63BC0800458C86 /* Dislike.swift in Sources */,
				0E601FC91C77236D003E9B50 /* ReportViewController.swift in Sources */,
				0ECC04141C63C30400458C86 /* SocialMedia.swift in Sources */,
				0ECC040C1C63B8F400458C86 /* Comment.swift in Sources */,
				0EF156BE1C64FBF4004BE735 /* EventTableCellViewController.swift in Sources */,
				56B7959F1C75058A00A239F3 /* AddContentViewController.swift in Sources */,
				0ECC04061C63B01A00458C86 /* Report.swift in Sources */,
				0E8BDFBE1C6A5BDD003364A5 /* NearbyContentViewController.swift in Sources */,
			);
			runOnlyForDeploymentPostprocessing = 0;
		};
		0E3FCBB21C59E1930044CE7A /* Sources */ = {
			isa = PBXSourcesBuildPhase;
			buildActionMask = 2147483647;
			files = (
				0E3FCBBB1C59E1930044CE7A /* InformMETests.swift in Sources */,
			);
			runOnlyForDeploymentPostprocessing = 0;
		};
		0E3FCBBD1C59E1930044CE7A /* Sources */ = {
			isa = PBXSourcesBuildPhase;
			buildActionMask = 2147483647;
			files = (
				0E3FCBC61C59E1930044CE7A /* InformMEUITests.swift in Sources */,
			);
			runOnlyForDeploymentPostprocessing = 0;
		};
/* End PBXSourcesBuildPhase section */

/* Begin PBXTargetDependency section */
		0E3FCBB81C59E1930044CE7A /* PBXTargetDependency */ = {
			isa = PBXTargetDependency;
			target = 0E3FCBA11C59E1920044CE7A /* InformME */;
			targetProxy = 0E3FCBB71C59E1930044CE7A /* PBXContainerItemProxy */;
		};
		0E3FCBC31C59E1930044CE7A /* PBXTargetDependency */ = {
			isa = PBXTargetDependency;
			target = 0E3FCBA11C59E1920044CE7A /* InformME */;
			targetProxy = 0E3FCBC21C59E1930044CE7A /* PBXContainerItemProxy */;
		};
/* End PBXTargetDependency section */

/* Begin PBXVariantGroup section */
		0E3FCBA91C59E1930044CE7A /* Main.storyboard */ = {
			isa = PBXVariantGroup;
			children = (
				0E3FCBAA1C59E1930044CE7A /* Base */,
				0E30A57B1C67A2CB0033AFCE /* ar */,
			);
			name = Main.storyboard;
			sourceTree = "<group>";
		};
		0E3FCBAE1C59E1930044CE7A /* LaunchScreen.storyboard */ = {
			isa = PBXVariantGroup;
			children = (
				0E3FCBAF1C59E1930044CE7A /* Base */,
				0E30A57A1C67A2CB0033AFCE /* ar */,
			);
			name = LaunchScreen.storyboard;
			sourceTree = "<group>";
		};
/* End PBXVariantGroup section */

/* Begin XCBuildConfiguration section */
		0E3FCBC81C59E1930044CE7A /* Debug */ = {
			isa = XCBuildConfiguration;
			buildSettings = {
				ALWAYS_SEARCH_USER_PATHS = NO;
				CLANG_CXX_LANGUAGE_STANDARD = "gnu++0x";
				CLANG_CXX_LIBRARY = "libc++";
				CLANG_ENABLE_MODULES = YES;
				CLANG_ENABLE_OBJC_ARC = YES;
				CLANG_WARN_BOOL_CONVERSION = YES;
				CLANG_WARN_CONSTANT_CONVERSION = YES;
				CLANG_WARN_DIRECT_OBJC_ISA_USAGE = YES_ERROR;
				CLANG_WARN_EMPTY_BODY = YES;
				CLANG_WARN_ENUM_CONVERSION = YES;
				CLANG_WARN_INT_CONVERSION = YES;
				CLANG_WARN_OBJC_ROOT_CLASS = YES_ERROR;
				CLANG_WARN_UNREACHABLE_CODE = YES;
				CLANG_WARN__DUPLICATE_METHOD_MATCH = YES;
				CODE_SIGN_IDENTITY = "iPhone Developer";
				"CODE_SIGN_IDENTITY[sdk=iphoneos*]" = "iPhone Developer";
				COPY_PHASE_STRIP = NO;
				DEBUG_INFORMATION_FORMAT = dwarf;
				ENABLE_STRICT_OBJC_MSGSEND = YES;
				ENABLE_TESTABILITY = YES;
				GCC_C_LANGUAGE_STANDARD = gnu99;
				GCC_DYNAMIC_NO_PIC = NO;
				GCC_NO_COMMON_BLOCKS = YES;
				GCC_OPTIMIZATION_LEVEL = 0;
				GCC_PREPROCESSOR_DEFINITIONS = (
					"DEBUG=1",
					"$(inherited)",
				);
				GCC_WARN_64_TO_32_BIT_CONVERSION = YES;
				GCC_WARN_ABOUT_RETURN_TYPE = YES_ERROR;
				GCC_WARN_UNDECLARED_SELECTOR = YES;
				GCC_WARN_UNINITIALIZED_AUTOS = YES_AGGRESSIVE;
				GCC_WARN_UNUSED_FUNCTION = YES;
				GCC_WARN_UNUSED_VARIABLE = YES;
				IPHONEOS_DEPLOYMENT_TARGET = 9.2;
				MTL_ENABLE_DEBUG_INFO = YES;
				ONLY_ACTIVE_ARCH = YES;
				SDKROOT = iphoneos;
				SWIFT_OPTIMIZATION_LEVEL = "-Onone";
			};
			name = Debug;
		};
		0E3FCBC91C59E1930044CE7A /* Release */ = {
			isa = XCBuildConfiguration;
			buildSettings = {
				ALWAYS_SEARCH_USER_PATHS = NO;
				CLANG_CXX_LANGUAGE_STANDARD = "gnu++0x";
				CLANG_CXX_LIBRARY = "libc++";
				CLANG_ENABLE_MODULES = YES;
				CLANG_ENABLE_OBJC_ARC = YES;
				CLANG_WARN_BOOL_CONVERSION = YES;
				CLANG_WARN_CONSTANT_CONVERSION = YES;
				CLANG_WARN_DIRECT_OBJC_ISA_USAGE = YES_ERROR;
				CLANG_WARN_EMPTY_BODY = YES;
				CLANG_WARN_ENUM_CONVERSION = YES;
				CLANG_WARN_INT_CONVERSION = YES;
				CLANG_WARN_OBJC_ROOT_CLASS = YES_ERROR;
				CLANG_WARN_UNREACHABLE_CODE = YES;
				CLANG_WARN__DUPLICATE_METHOD_MATCH = YES;
				CODE_SIGN_IDENTITY = "iPhone Developer";
				"CODE_SIGN_IDENTITY[sdk=iphoneos*]" = "iPhone Developer";
				COPY_PHASE_STRIP = NO;
				DEBUG_INFORMATION_FORMAT = "dwarf-with-dsym";
				ENABLE_NS_ASSERTIONS = NO;
				ENABLE_STRICT_OBJC_MSGSEND = YES;
				GCC_C_LANGUAGE_STANDARD = gnu99;
				GCC_NO_COMMON_BLOCKS = YES;
				GCC_WARN_64_TO_32_BIT_CONVERSION = YES;
				GCC_WARN_ABOUT_RETURN_TYPE = YES_ERROR;
				GCC_WARN_UNDECLARED_SELECTOR = YES;
				GCC_WARN_UNINITIALIZED_AUTOS = YES_AGGRESSIVE;
				GCC_WARN_UNUSED_FUNCTION = YES;
				GCC_WARN_UNUSED_VARIABLE = YES;
				IPHONEOS_DEPLOYMENT_TARGET = 9.2;
				MTL_ENABLE_DEBUG_INFO = NO;
				SDKROOT = iphoneos;
				VALIDATE_PRODUCT = YES;
			};
			name = Release;
		};
		0E3FCBCB1C59E1930044CE7A /* Debug */ = {
			isa = XCBuildConfiguration;
			buildSettings = {
				ASSETCATALOG_COMPILER_APPICON_NAME = AppIcon;
				CODE_SIGN_IDENTITY = "iPhone Developer";
				EMBEDDED_CONTENT_CONTAINS_SWIFT = YES;
				FRAMEWORK_SEARCH_PATHS = (
					"$(inherited)",
					"$(PROJECT_DIR)",
				);
				INFOPLIST_FILE = InformME/Info.plist;
				LD_RUNPATH_SEARCH_PATHS = "$(inherited) @executable_path/Frameworks";
				PRODUCT_BUNDLE_IDENTIFIER = informMeTeam.InformME;
				PRODUCT_NAME = "$(TARGET_NAME)";
				SWIFT_OBJC_BRIDGING_HEADER = "${PROJECT_NAME}/ObjCBridge.h";
			};
			name = Debug;
		};
		0E3FCBCC1C59E1930044CE7A /* Release */ = {
			isa = XCBuildConfiguration;
			buildSettings = {
				ASSETCATALOG_COMPILER_APPICON_NAME = AppIcon;
				CODE_SIGN_IDENTITY = "iPhone Developer";
				EMBEDDED_CONTENT_CONTAINS_SWIFT = YES;
				FRAMEWORK_SEARCH_PATHS = (
					"$(inherited)",
					"$(PROJECT_DIR)",
				);
				INFOPLIST_FILE = InformME/Info.plist;
				LD_RUNPATH_SEARCH_PATHS = "$(inherited) @executable_path/Frameworks";
				PRODUCT_BUNDLE_IDENTIFIER = informMeTeam.InformME;
				PRODUCT_NAME = "$(TARGET_NAME)";
				SWIFT_OBJC_BRIDGING_HEADER = "${PROJECT_NAME}/ObjCBridge.h";
			};
			name = Release;
		};
		0E3FCBCE1C59E1930044CE7A /* Debug */ = {
			isa = XCBuildConfiguration;
			buildSettings = {
				BUNDLE_LOADER = "$(TEST_HOST)";
				INFOPLIST_FILE = InformMETests/Info.plist;
				LD_RUNPATH_SEARCH_PATHS = "$(inherited) @executable_path/Frameworks @loader_path/Frameworks";
				PRODUCT_BUNDLE_IDENTIFIER = informMeTeam.InformMETests;
				PRODUCT_NAME = "$(TARGET_NAME)";
				TEST_HOST = "$(BUILT_PRODUCTS_DIR)/InformME.app/InformME";
			};
			name = Debug;
		};
		0E3FCBCF1C59E1930044CE7A /* Release */ = {
			isa = XCBuildConfiguration;
			buildSettings = {
				BUNDLE_LOADER = "$(TEST_HOST)";
				INFOPLIST_FILE = InformMETests/Info.plist;
				LD_RUNPATH_SEARCH_PATHS = "$(inherited) @executable_path/Frameworks @loader_path/Frameworks";
				PRODUCT_BUNDLE_IDENTIFIER = informMeTeam.InformMETests;
				PRODUCT_NAME = "$(TARGET_NAME)";
				TEST_HOST = "$(BUILT_PRODUCTS_DIR)/InformME.app/InformME";
			};
			name = Release;
		};
		0E3FCBD11C59E1930044CE7A /* Debug */ = {
			isa = XCBuildConfiguration;
			buildSettings = {
				INFOPLIST_FILE = InformMEUITests/Info.plist;
				LD_RUNPATH_SEARCH_PATHS = "$(inherited) @executable_path/Frameworks @loader_path/Frameworks";
				PRODUCT_BUNDLE_IDENTIFIER = informMeTeam.InformMEUITests;
				PRODUCT_NAME = "$(TARGET_NAME)";
				TEST_TARGET_NAME = InformME;
				USES_XCTRUNNER = YES;
			};
			name = Debug;
		};
		0E3FCBD21C59E1930044CE7A /* Release */ = {
			isa = XCBuildConfiguration;
			buildSettings = {
				INFOPLIST_FILE = InformMEUITests/Info.plist;
				LD_RUNPATH_SEARCH_PATHS = "$(inherited) @executable_path/Frameworks @loader_path/Frameworks";
				PRODUCT_BUNDLE_IDENTIFIER = informMeTeam.InformMEUITests;
				PRODUCT_NAME = "$(TARGET_NAME)";
				TEST_TARGET_NAME = InformME;
				USES_XCTRUNNER = YES;
			};
			name = Release;
		};
/* End XCBuildConfiguration section */

/* Begin XCConfigurationList section */
		0E3FCB9D1C59E1920044CE7A /* Build configuration list for PBXProject "InformME" */ = {
			isa = XCConfigurationList;
			buildConfigurations = (
				0E3FCBC81C59E1930044CE7A /* Debug */,
				0E3FCBC91C59E1930044CE7A /* Release */,
			);
			defaultConfigurationIsVisible = 0;
			defaultConfigurationName = Release;
		};
		0E3FCBCA1C59E1930044CE7A /* Build configuration list for PBXNativeTarget "InformME" */ = {
			isa = XCConfigurationList;
			buildConfigurations = (
				0E3FCBCB1C59E1930044CE7A /* Debug */,
				0E3FCBCC1C59E1930044CE7A /* Release */,
			);
			defaultConfigurationIsVisible = 0;
			defaultConfigurationName = Release;
		};
		0E3FCBCD1C59E1930044CE7A /* Build configuration list for PBXNativeTarget "InformMETests" */ = {
			isa = XCConfigurationList;
			buildConfigurations = (
				0E3FCBCE1C59E1930044CE7A /* Debug */,
				0E3FCBCF1C59E1930044CE7A /* Release */,
			);
			defaultConfigurationIsVisible = 0;
			defaultConfigurationName = Release;
		};
		0E3FCBD01C59E1930044CE7A /* Build configuration list for PBXNativeTarget "InformMEUITests" */ = {
			isa = XCConfigurationList;
			buildConfigurations = (
				0E3FCBD11C59E1930044CE7A /* Debug */,
				0E3FCBD21C59E1930044CE7A /* Release */,
			);
			defaultConfigurationIsVisible = 0;
			defaultConfigurationName = Release;
		};
/* End XCConfigurationList section */
	};
	rootObject = 0E3FCB9A1C59E1920044CE7A /* Project object */;
}
